
Microsoft Visual Studio Solution File, Format Version 12.00
# Visual Studio 15
VisualStudioVersion = 15.0.26124.0
MinimumVisualStudioVersion = 15.0.26124.0
Project("{FAE04EC0-301F-11D3-BF4B-00C04F79EFBC}") = "Lidarr.Plugin.Slskd", "Lidarr.Plugin.Slskd\Lidarr.Plugin.Slskd.csproj", "{03AEA254-BEB0-4848-891E-3F8F9DDD3F56}"
EndProject
Project("{FAE04EC0-301F-11D3-BF4B-00C04F79EFBC}") = "Lidarr.Core", "Lidarr\src\NzbDrone.Core\Lidarr.Core.csproj", "{885ACAA7-A99E-4DEE-9994-A4C1458E77DE}"
EndProject
Project("{FAE04EC0-301F-11D3-BF4B-00C04F79EFBC}") = "Lidarr.Common", "Lidarr\src\NzbDrone.Common\Lidarr.Common.csproj", "{512C3A57-6A6E-40ED-8736-44784E9AAAA2}"
EndProject
Global
	GlobalSection(SolutionConfigurationPlatforms) = preSolution
		Debug|Any CPU = Debug|Any CPU
		Debug|x64 = Debug|x64
		Debug|x86 = Debug|x86
		Release|Any CPU = Release|Any CPU
		Release|x64 = Release|x64
		Release|x86 = Release|x86
	EndGlobalSection
	GlobalSection(SolutionProperties) = preSolution
		HideSolutionNode = FALSE
	EndGlobalSection
	GlobalSection(ProjectConfigurationPlatforms) = postSolution
		{03AEA254-BEB0-4848-891E-3F8F9DDD3F56}.Debug|Any CPU.ActiveCfg = Debug|Any CPU
		{03AEA254-BEB0-4848-891E-3F8F9DDD3F56}.Debug|Any CPU.Build.0 = Debug|Any CPU
		{03AEA254-BEB0-4848-891E-3F8F9DDD3F56}.Debug|x64.ActiveCfg = Debug|Any CPU
		{03AEA254-BEB0-4848-891E-3F8F9DDD3F56}.Debug|x64.Build.0 = Debug|Any CPU
		{03AEA254-BEB0-4848-891E-3F8F9DDD3F56}.Debug|x86.ActiveCfg = Debug|Any CPU
		{03AEA254-BEB0-4848-891E-3F8F9DDD3F56}.Debug|x86.Build.0 = Debug|Any CPU
		{03AEA254-BEB0-4848-891E-3F8F9DDD3F56}.Release|Any CPU.ActiveCfg = Release|Any CPU
		{03AEA254-BEB0-4848-891E-3F8F9DDD3F56}.Release|Any CPU.Build.0 = Release|Any CPU
		{03AEA254-BEB0-4848-891E-3F8F9DDD3F56}.Release|x64.ActiveCfg = Release|Any CPU
		{03AEA254-BEB0-4848-891E-3F8F9DDD3F56}.Release|x64.Build.0 = Release|Any CPU
		{03AEA254-BEB0-4848-891E-3F8F9DDD3F56}.Release|x86.ActiveCfg = Release|Any CPU
		{03AEA254-BEB0-4848-891E-3F8F9DDD3F56}.Release|x86.Build.0 = Release|Any CPU
		{885ACAA7-A99E-4DEE-9994-A4C1458E77DE}.Debug|Any CPU.ActiveCfg = Debug|Any CPU
		{885ACAA7-A99E-4DEE-9994-A4C1458E77DE}.Debug|Any CPU.Build.0 = Debug|Any CPU
		{885ACAA7-A99E-4DEE-9994-A4C1458E77DE}.Debug|x64.ActiveCfg = Debug|Any CPU
		{885ACAA7-A99E-4DEE-9994-A4C1458E77DE}.Debug|x64.Build.0 = Debug|Any CPU
		{885ACAA7-A99E-4DEE-9994-A4C1458E77DE}.Debug|x86.ActiveCfg = Debug|Any CPU
		{885ACAA7-A99E-4DEE-9994-A4C1458E77DE}.Debug|x86.Build.0 = Debug|Any CPU
		{885ACAA7-A99E-4DEE-9994-A4C1458E77DE}.Release|Any CPU.ActiveCfg = Release|Any CPU
		{885ACAA7-A99E-4DEE-9994-A4C1458E77DE}.Release|Any CPU.Build.0 = Release|Any CPU
		{885ACAA7-A99E-4DEE-9994-A4C1458E77DE}.Release|x64.ActiveCfg = Release|Any CPU
		{885ACAA7-A99E-4DEE-9994-A4C1458E77DE}.Release|x64.Build.0 = Release|Any CPU
		{885ACAA7-A99E-4DEE-9994-A4C1458E77DE}.Release|x86.ActiveCfg = Release|Any CPU
		{885ACAA7-A99E-4DEE-9994-A4C1458E77DE}.Release|x86.Build.0 = Release|Any CPU
		{512C3A57-6A6E-40ED-8736-44784E9AAAA2}.Debug|Any CPU.ActiveCfg = Debug|Any CPU
		{512C3A57-6A6E-40ED-8736-44784E9AAAA2}.Debug|Any CPU.Build.0 = Debug|Any CPU
		{512C3A57-6A6E-40ED-8736-44784E9AAAA2}.Debug|x64.ActiveCfg = Debug|Any CPU
		{512C3A57-6A6E-40ED-8736-44784E9AAAA2}.Debug|x64.Build.0 = Debug|Any CPU
		{512C3A57-6A6E-40ED-8736-44784E9AAAA2}.Debug|x86.ActiveCfg = Debug|Any CPU
		{512C3A57-6A6E-40ED-8736-44784E9AAAA2}.Debug|x86.Build.0 = Debug|Any CPU
		{512C3A57-6A6E-40ED-8736-44784E9AAAA2}.Release|Any CPU.ActiveCfg = Release|Any CPU
		{512C3A57-6A6E-40ED-8736-44784E9AAAA2}.Release|Any CPU.Build.0 = Release|Any CPU
		{512C3A57-6A6E-40ED-8736-44784E9AAAA2}.Release|x64.ActiveCfg = Release|Any CPU
		{512C3A57-6A6E-40ED-8736-44784E9AAAA2}.Release|x64.Build.0 = Release|Any CPU
		{512C3A57-6A6E-40ED-8736-44784E9AAAA2}.Release|x86.ActiveCfg = Release|Any CPU
		{512C3A57-6A6E-40ED-8736-44784E9AAAA2}.Release|x86.Build.0 = Release|Any CPU
	EndGlobalSection
EndGlobal
